
Microsoft Visual Studio Solution File, Format Version 11.00
# Visual C++ Express 2010
Project("{8BC9CEB8-8B4A-11D0-8D11-00A0C91BC942}") = "Uuid201607281745", "Uuid201607281745\Uuid201607281745.vcxproj", "{4D8B8B94-C0E1-41D1-AE07-D6E6FF9DA797}"
EndProject
Global
	GlobalSection(SolutionConfigurationPlatforms) = preSolution
		Debug|Win32 = Debug|Win32
		Release|Win32 = Release|Win32
	EndGlobalSection
	GlobalSection(ProjectConfigurationPlatforms) = postSolution
		{4D8B8B94-C0E1-41D1-AE07-D6E6FF9DA797}.Debug|Win32.ActiveCfg = Debug|Win32
		{4D8B8B94-C0E1-41D1-AE07-D6E6FF9DA797}.Debug|Win32.Build.0 = Debug|Win32
		{4D8B8B94-C0E1-41D1-AE07-D6E6FF9DA797}.Release|Win32.ActiveCfg = Release|Win32
		{4D8B8B94-C0E1-41D1-AE07-D6E6FF9DA797}.Release|Win32.Build.0 = Release|Win32
	EndGlobalSection
	GlobalSection(SolutionProperties) = preSolution
		HideSolutionNode = FALSE
	EndGlobalSection
EndGlobal
